
Microsoft Visual Studio Solution File, Format Version 12.00
# Visual Studio Version 16
VisualStudioVersion = 16.0.31729.503
MinimumVisualStudioVersion = 10.0.40219.1
Project("{FAE04EC0-301F-11D3-BF4B-00C04F79EFBC}") = "Variabless", "Variabless\Variabless.csproj", "{C0614877-696F-4FAB-A456-87012ED0E263}"
EndProject
Project("{FAE04EC0-301F-11D3-BF4B-00C04F79EFBC}") = "Operators", "Operators\Operators.csproj", "{9147DDB3-16AF-4778-9CA2-5094BFA320CF}"
EndProject
Project("{FAE04EC0-301F-11D3-BF4B-00C04F79EFBC}") = "Controls", "Controls\Controls.csproj", "{00BC70ED-F55B-45EF-8C2F-D49295CD3E89}"
EndProject
Project("{FAE04EC0-301F-11D3-BF4B-00C04F79EFBC}") = "LearnLoopControls", "LearnLoopControls\LearnLoopControls.csproj", "{BC5A3EB2-EBBD-4951-93F0-116B2E1A0D60}"
EndProject
Project("{FAE04EC0-301F-11D3-BF4B-00C04F79EFBC}") = "LearCshap", "LearCshap\LearCshap.csproj", "{B60BD768-2E39-416D-98A5-5A91F6EE4DF6}"
EndProject
Project("{FAE04EC0-301F-11D3-BF4B-00C04F79EFBC}") = "Array", "Array\Array.csproj", "{A48EE047-813B-4EEF-81EB-A019DF69AB3E}"
EndProject
Global
	GlobalSection(SolutionConfigurationPlatforms) = preSolution
		Debug|Any CPU = Debug|Any CPU
		Release|Any CPU = Release|Any CPU
	EndGlobalSection
	GlobalSection(ProjectConfigurationPlatforms) = postSolution
		{C0614877-696F-4FAB-A456-87012ED0E263}.Debug|Any CPU.ActiveCfg = Debug|Any CPU
		{C0614877-696F-4FAB-A456-87012ED0E263}.Debug|Any CPU.Build.0 = Debug|Any CPU
		{C0614877-696F-4FAB-A456-87012ED0E263}.Release|Any CPU.ActiveCfg = Release|Any CPU
		{C0614877-696F-4FAB-A456-87012ED0E263}.Release|Any CPU.Build.0 = Release|Any CPU
		{9147DDB3-16AF-4778-9CA2-5094BFA320CF}.Debug|Any CPU.ActiveCfg = Debug|Any CPU
		{9147DDB3-16AF-4778-9CA2-5094BFA320CF}.Debug|Any CPU.Build.0 = Debug|Any CPU
		{9147DDB3-16AF-4778-9CA2-5094BFA320CF}.Release|Any CPU.ActiveCfg = Release|Any CPU
		{9147DDB3-16AF-4778-9CA2-5094BFA320CF}.Release|Any CPU.Build.0 = Release|Any CPU
		{00BC70ED-F55B-45EF-8C2F-D49295CD3E89}.Debug|Any CPU.ActiveCfg = Debug|Any CPU
		{00BC70ED-F55B-45EF-8C2F-D49295CD3E89}.Debug|Any CPU.Build.0 = Debug|Any CPU
		{00BC70ED-F55B-45EF-8C2F-D49295CD3E89}.Release|Any CPU.ActiveCfg = Release|Any CPU
		{00BC70ED-F55B-45EF-8C2F-D49295CD3E89}.Release|Any CPU.Build.0 = Release|Any CPU
		{BC5A3EB2-EBBD-4951-93F0-116B2E1A0D60}.Debug|Any CPU.ActiveCfg = Debug|Any CPU
		{BC5A3EB2-EBBD-4951-93F0-116B2E1A0D60}.Debug|Any CPU.Build.0 = Debug|Any CPU
		{BC5A3EB2-EBBD-4951-93F0-116B2E1A0D60}.Release|Any CPU.ActiveCfg = Release|Any CPU
		{BC5A3EB2-EBBD-4951-93F0-116B2E1A0D60}.Release|Any CPU.Build.0 = Release|Any CPU
		{B60BD768-2E39-416D-98A5-5A91F6EE4DF6}.Debug|Any CPU.ActiveCfg = Debug|Any CPU
		{B60BD768-2E39-416D-98A5-5A91F6EE4DF6}.Debug|Any CPU.Build.0 = Debug|Any CPU
		{B60BD768-2E39-416D-98A5-5A91F6EE4DF6}.Release|Any CPU.ActiveCfg = Release|Any CPU
		{B60BD768-2E39-416D-98A5-5A91F6EE4DF6}.Release|Any CPU.Build.0 = Release|Any CPU
		{A48EE047-813B-4EEF-81EB-A019DF69AB3E}.Debug|Any CPU.ActiveCfg = Debug|Any CPU
		{A48EE047-813B-4EEF-81EB-A019DF69AB3E}.Debug|Any CPU.Build.0 = Debug|Any CPU
		{A48EE047-813B-4EEF-81EB-A019DF69AB3E}.Release|Any CPU.ActiveCfg = Release|Any CPU
		{A48EE047-813B-4EEF-81EB-A019DF69AB3E}.Release|Any CPU.Build.0 = Release|Any CPU
	EndGlobalSection
	GlobalSection(SolutionProperties) = preSolution
		HideSolutionNode = FALSE
	EndGlobalSection
	GlobalSection(ExtensibilityGlobals) = postSolution
		SolutionGuid = {40BC4324-0E84-4423-8B81-7DA3F217EA68}
	EndGlobalSection
EndGlobal
